
Microsoft Visual Studio Solution File, Format Version 12.00
# Visual Studio Version 16
VisualStudioVersion = 16.0.29728.190
MinimumVisualStudioVersion = 10.0.40219.1
Project("{9A19103F-16F7-4668-BE54-9A1E7A4F7556}") = "RPG", "RPG\RPG.csproj", "{62313166-87C9-4FAB-838C-1F9E7C38973C}"
EndProject
Project("{9A19103F-16F7-4668-BE54-9A1E7A4F7556}") = "RPG Unit tests", "RPG Unit tests\RPG Unit tests.csproj", "{48F5DD93-24F7-4FFE-8265-FAC94801028F}"
	ProjectSection(ProjectDependencies) = postProject
		{62313166-87C9-4FAB-838C-1F9E7C38973C} = {62313166-87C9-4FAB-838C-1F9E7C38973C}
	EndProjectSection
EndProject
Global
	GlobalSection(SolutionConfigurationPlatforms) = preSolution
		Debug|Any CPU = Debug|Any CPU
		Release|Any CPU = Release|Any CPU
	EndGlobalSection
	GlobalSection(ProjectConfigurationPlatforms) = postSolution
		{62313166-87C9-4FAB-838C-1F9E7C38973C}.Debug|Any CPU.ActiveCfg = Debug|Any CPU
		{62313166-87C9-4FAB-838C-1F9E7C38973C}.Debug|Any CPU.Build.0 = Debug|Any CPU
		{62313166-87C9-4FAB-838C-1F9E7C38973C}.Release|Any CPU.ActiveCfg = Release|Any CPU
		{62313166-87C9-4FAB-838C-1F9E7C38973C}.Release|Any CPU.Build.0 = Release|Any CPU
		{48F5DD93-24F7-4FFE-8265-FAC94801028F}.Debug|Any CPU.ActiveCfg = Debug|Any CPU
		{48F5DD93-24F7-4FFE-8265-FAC94801028F}.Debug|Any CPU.Build.0 = Debug|Any CPU
		{48F5DD93-24F7-4FFE-8265-FAC94801028F}.Release|Any CPU.ActiveCfg = Release|Any CPU
		{48F5DD93-24F7-4FFE-8265-FAC94801028F}.Release|Any CPU.Build.0 = Release|Any CPU
	EndGlobalSection
	GlobalSection(SolutionProperties) = preSolution
		HideSolutionNode = FALSE
	EndGlobalSection
	GlobalSection(ExtensibilityGlobals) = postSolution
		SolutionGuid = {1144A3A9-4311-4BAF-BD12-838DA4E4327C}
	EndGlobalSection
EndGlobal
